
Microsoft Visual Studio Solution File, Format Version 12.00
# Visual Studio 15
VisualStudioVersion = 15.0.28010.2050
MinimumVisualStudioVersion = 10.0.40219.1
Project("{FAE04EC0-301F-11D3-BF4B-00C04F79EFBC}") = "WebApiSoftware", "WebApiSoftware\WebApiSoftware.csproj", "{9FB80791-8C49-49B0-9EF8-07A1BFF09125}"
EndProject
Global
	GlobalSection(SolutionConfigurationPlatforms) = preSolution
		Debug|Any CPU = Debug|Any CPU
		Release|Any CPU = Release|Any CPU
	EndGlobalSection
	GlobalSection(ProjectConfigurationPlatforms) = postSolution
		{9FB80791-8C49-49B0-9EF8-07A1BFF09125}.Debug|Any CPU.ActiveCfg = Debug|Any CPU
		{9FB80791-8C49-49B0-9EF8-07A1BFF09125}.Debug|Any CPU.Build.0 = Debug|Any CPU
		{9FB80791-8C49-49B0-9EF8-07A1BFF09125}.Release|Any CPU.ActiveCfg = Release|Any CPU
		{9FB80791-8C49-49B0-9EF8-07A1BFF09125}.Release|Any CPU.Build.0 = Release|Any CPU
	EndGlobalSection
	GlobalSection(SolutionProperties) = preSolution
		HideSolutionNode = FALSE
	EndGlobalSection
	GlobalSection(ExtensibilityGlobals) = postSolution
		SolutionGuid = {76B7E645-D7D2-4D5E-ADE5-F040E1BAF2A3}
	EndGlobalSection
EndGlobal
